
Microsoft Visual Studio Solution File, Format Version 12.00
# Visual Studio Version 16
VisualStudioVersion = 16.0.30611.23
MinimumVisualStudioVersion = 10.0.40219.1
Project("{FAE04EC0-301F-11D3-BF4B-00C04F79EFBC}") = "ESUNICODE", "ESUNICODE\ESUNICODE.csproj", "{C43E9130-CF02-4107-AEF4-CAAD5FA3E981}"
EndProject
Global
	GlobalSection(SolutionConfigurationPlatforms) = preSolution
		Debug|Any CPU = Debug|Any CPU
		Release|Any CPU = Release|Any CPU
	EndGlobalSection
	GlobalSection(ProjectConfigurationPlatforms) = postSolution
		{C43E9130-CF02-4107-AEF4-CAAD5FA3E981}.Debug|Any CPU.ActiveCfg = Debug|Any CPU
		{C43E9130-CF02-4107-AEF4-CAAD5FA3E981}.Debug|Any CPU.Build.0 = Debug|Any CPU
		{C43E9130-CF02-4107-AEF4-CAAD5FA3E981}.Release|Any CPU.ActiveCfg = Release|Any CPU
		{C43E9130-CF02-4107-AEF4-CAAD5FA3E981}.Release|Any CPU.Build.0 = Release|Any CPU
	EndGlobalSection
	GlobalSection(SolutionProperties) = preSolution
		HideSolutionNode = FALSE
	EndGlobalSection
	GlobalSection(ExtensibilityGlobals) = postSolution
		SolutionGuid = {FE7B101C-4D23-4489-96DB-E44161F7B43C}
	EndGlobalSection
EndGlobal
